{
  "object": {
    "pins": [
      {
        "package": "Xoodoo",
        "repositoryURL": "https://github.com/nixberg/Xoodoo",
        "state": {
          "branch": "master",
          "revision": "3df786584b3b7b6cb938cb2fa43cf9aba4a3cd77",
          "version": null
        }
      }
    ]
  },
  "version": 1
}
